
Microsoft Visual Studio Solution File, Format Version 12.00
# Visual Studio Version 16
VisualStudioVersion = 16.0.32106.194
MinimumVisualStudioVersion = 10.0.40219.1
Project("{9A19103F-16F7-4668-BE54-9A1E7A4F7556}") = "KeyboardLearner", "KeyboardLearner\KeyboardLearner.csproj", "{883F36DC-F4B5-4A1B-A789-5A51F8E94118}"
EndProject
Project("{FAE04EC0-301F-11D3-BF4B-00C04F79EFBC}") = "KeyboardLearner.Tests", "KeyboardLearner.Tests\KeyboardLearner.Tests.csproj", "{3F6FC4C2-7A35-4F20-BEA8-073500E4C7E8}"
EndProject
Global
	GlobalSection(SolutionConfigurationPlatforms) = preSolution
		Debug|Any CPU = Debug|Any CPU
		Release|Any CPU = Release|Any CPU
	EndGlobalSection
	GlobalSection(ProjectConfigurationPlatforms) = postSolution
		{883F36DC-F4B5-4A1B-A789-5A51F8E94118}.Debug|Any CPU.ActiveCfg = Debug|Any CPU
		{883F36DC-F4B5-4A1B-A789-5A51F8E94118}.Debug|Any CPU.Build.0 = Debug|Any CPU
		{883F36DC-F4B5-4A1B-A789-5A51F8E94118}.Release|Any CPU.ActiveCfg = Release|Any CPU
		{883F36DC-F4B5-4A1B-A789-5A51F8E94118}.Release|Any CPU.Build.0 = Release|Any CPU
		{3F6FC4C2-7A35-4F20-BEA8-073500E4C7E8}.Debug|Any CPU.ActiveCfg = Debug|Any CPU
		{3F6FC4C2-7A35-4F20-BEA8-073500E4C7E8}.Debug|Any CPU.Build.0 = Debug|Any CPU
		{3F6FC4C2-7A35-4F20-BEA8-073500E4C7E8}.Release|Any CPU.ActiveCfg = Release|Any CPU
		{3F6FC4C2-7A35-4F20-BEA8-073500E4C7E8}.Release|Any CPU.Build.0 = Release|Any CPU
	EndGlobalSection
	GlobalSection(SolutionProperties) = preSolution
		HideSolutionNode = FALSE
	EndGlobalSection
	GlobalSection(ExtensibilityGlobals) = postSolution
		SolutionGuid = {653AB7CD-B699-4E51-A71F-9AA09C1C5E8F}
	EndGlobalSection
EndGlobal
